
Microsoft Visual Studio Solution File, Format Version 12.00
# Visual Studio 15
VisualStudioVersion = 15.0.26730.16
MinimumVisualStudioVersion = 10.0.40219.1
Project("{9A19103F-16F7-4668-BE54-9A1E7A4F7556}") = "Cielo", "Cielo\Cielo.csproj", "{FAD00E74-179D-4B94-BAF6-441E1FE360FB}"
EndProject
Project("{9A19103F-16F7-4668-BE54-9A1E7A4F7556}") = "Cielo.Models", "Cielo.Models\Cielo.Models.csproj", "{EE018641-94C3-48A5-A202-4A6A362CA37F}"
EndProject
Project("{9A19103F-16F7-4668-BE54-9A1E7A4F7556}") = "CieloTestsCore", "CieloTestsCore\CieloTestsCore.csproj", "{667AF141-D27E-4A50-9C78-3D3D24B0D7FA}"
EndProject
Project("{FAE04EC0-301F-11D3-BF4B-00C04F79EFBC}") = "Cielo_461", "Cielo_461\Cielo_461.csproj", "{087D8081-F316-4780-A168-18038CBB2479}"
EndProject
Project("{FAE04EC0-301F-11D3-BF4B-00C04F79EFBC}") = "Cielo.Models_461", "Cielo.Models_461\Cielo.Models_461.csproj", "{8484EA1F-A623-493B-8DA5-8126E291B8EA}"
EndProject
Project("{FAE04EC0-301F-11D3-BF4B-00C04F79EFBC}") = "Cielo_Core1", "Cielo_Core1\Cielo_Core1.csproj", "{3A87098C-E536-4DD0-9489-A189B70C3FE0}"
EndProject
Project("{FAE04EC0-301F-11D3-BF4B-00C04F79EFBC}") = "Cielo.Models_Core1", "Cielo.Models_Core1\Cielo.Models_Core1.csproj", "{AE155C82-331C-4A5C-8133-50A4183B904B}"
EndProject
Project("{2150E333-8FDC-42A3-9474-1A3956D46DE8}") = "Core1", "Core1", "{BBBED872-6383-4BAC-B66F-8D061186DD32}"
EndProject
Project("{2150E333-8FDC-42A3-9474-1A3956D46DE8}") = "Net461", "Net461", "{CF922E16-2DB4-4E5F-B050-598A8FC0D381}"
EndProject
Global
	GlobalSection(SolutionConfigurationPlatforms) = preSolution
		Debug|Any CPU = Debug|Any CPU
		Release|Any CPU = Release|Any CPU
	EndGlobalSection
	GlobalSection(ProjectConfigurationPlatforms) = postSolution
		{FAD00E74-179D-4B94-BAF6-441E1FE360FB}.Debug|Any CPU.ActiveCfg = Debug|Any CPU
		{FAD00E74-179D-4B94-BAF6-441E1FE360FB}.Debug|Any CPU.Build.0 = Debug|Any CPU
		{FAD00E74-179D-4B94-BAF6-441E1FE360FB}.Release|Any CPU.ActiveCfg = Release|Any CPU
		{FAD00E74-179D-4B94-BAF6-441E1FE360FB}.Release|Any CPU.Build.0 = Release|Any CPU
		{EE018641-94C3-48A5-A202-4A6A362CA37F}.Debug|Any CPU.ActiveCfg = Debug|Any CPU
		{EE018641-94C3-48A5-A202-4A6A362CA37F}.Debug|Any CPU.Build.0 = Debug|Any CPU
		{EE018641-94C3-48A5-A202-4A6A362CA37F}.Release|Any CPU.ActiveCfg = Release|Any CPU
		{EE018641-94C3-48A5-A202-4A6A362CA37F}.Release|Any CPU.Build.0 = Release|Any CPU
		{667AF141-D27E-4A50-9C78-3D3D24B0D7FA}.Debug|Any CPU.ActiveCfg = Debug|Any CPU
		{667AF141-D27E-4A50-9C78-3D3D24B0D7FA}.Debug|Any CPU.Build.0 = Debug|Any CPU
		{667AF141-D27E-4A50-9C78-3D3D24B0D7FA}.Release|Any CPU.ActiveCfg = Release|Any CPU
		{667AF141-D27E-4A50-9C78-3D3D24B0D7FA}.Release|Any CPU.Build.0 = Release|Any CPU
		{087D8081-F316-4780-A168-18038CBB2479}.Debug|Any CPU.ActiveCfg = Debug|Any CPU
		{087D8081-F316-4780-A168-18038CBB2479}.Debug|Any CPU.Build.0 = Debug|Any CPU
		{087D8081-F316-4780-A168-18038CBB2479}.Release|Any CPU.ActiveCfg = Release|Any CPU
		{087D8081-F316-4780-A168-18038CBB2479}.Release|Any CPU.Build.0 = Release|Any CPU
		{8484EA1F-A623-493B-8DA5-8126E291B8EA}.Debug|Any CPU.ActiveCfg = Debug|Any CPU
		{8484EA1F-A623-493B-8DA5-8126E291B8EA}.Debug|Any CPU.Build.0 = Debug|Any CPU
		{8484EA1F-A623-493B-8DA5-8126E291B8EA}.Release|Any CPU.ActiveCfg = Release|Any CPU
		{8484EA1F-A623-493B-8DA5-8126E291B8EA}.Release|Any CPU.Build.0 = Release|Any CPU
		{3A87098C-E536-4DD0-9489-A189B70C3FE0}.Debug|Any CPU.ActiveCfg = Debug|Any CPU
		{3A87098C-E536-4DD0-9489-A189B70C3FE0}.Debug|Any CPU.Build.0 = Debug|Any CPU
		{3A87098C-E536-4DD0-9489-A189B70C3FE0}.Release|Any CPU.ActiveCfg = Release|Any CPU
		{3A87098C-E536-4DD0-9489-A189B70C3FE0}.Release|Any CPU.Build.0 = Release|Any CPU
		{AE155C82-331C-4A5C-8133-50A4183B904B}.Debug|Any CPU.ActiveCfg = Debug|Any CPU
		{AE155C82-331C-4A5C-8133-50A4183B904B}.Debug|Any CPU.Build.0 = Debug|Any CPU
		{AE155C82-331C-4A5C-8133-50A4183B904B}.Release|Any CPU.ActiveCfg = Release|Any CPU
		{AE155C82-331C-4A5C-8133-50A4183B904B}.Release|Any CPU.Build.0 = Release|Any CPU
	EndGlobalSection
	GlobalSection(SolutionProperties) = preSolution
		HideSolutionNode = FALSE
	EndGlobalSection
	GlobalSection(NestedProjects) = preSolution
		{087D8081-F316-4780-A168-18038CBB2479} = {CF922E16-2DB4-4E5F-B050-598A8FC0D381}
		{8484EA1F-A623-493B-8DA5-8126E291B8EA} = {CF922E16-2DB4-4E5F-B050-598A8FC0D381}
		{3A87098C-E536-4DD0-9489-A189B70C3FE0} = {BBBED872-6383-4BAC-B66F-8D061186DD32}
		{AE155C82-331C-4A5C-8133-50A4183B904B} = {BBBED872-6383-4BAC-B66F-8D061186DD32}
	EndGlobalSection
	GlobalSection(ExtensibilityGlobals) = postSolution
		SolutionGuid = {F84D6899-773B-4A10-B4FF-1F2C6C3EBF8B}
	EndGlobalSection
EndGlobal
